# this file was auto generated by https://github.com/likianta/likianta-domain : /src/dev_dist/poetry_export.py
# file was updated at 2025-10-28 10:19:00
# use `pip` command to install: 
#   pip install -U -r requirements.lock --no-deps

--index-url https://mirrors.aliyun.com/pypi/simple/
--extra-index-url http://172.20.128.105:2131
--trusted-host 172.20.128.105

file-sync-pro @ http://172.20.128.105:2131/file-sync-pro/file_sync_pro-0.1.0a10-py3-none-any.whl

airmise @ http://172.20.128.105:2131/airmise/airmise-2.0.0-py3-none-any.whl
argsense @ http://172.20.128.105:2131/argsense/argsense-1.1.1a0-py3-none-any.whl
lk-logger==6.0.6
lk-utils @ http://172.20.128.105:2131/lk-utils/lk_utils-3.4.1-py3-none-any.whl
markdown-it-py==3.0.0
mdurl==0.1.2
psutil==7.0.0
pygments==2.19.2
pyyaml==6.0.2
rich==13.9.4
typing-extensions==4.14.0
