# this file was auto generated by https://github.com/likianta/likianta-domain : /src/dev_dist/poetry_export.py
# file was updated at 2025-07-01 11:27:45
# use `pip` command to install: 
#   pip install -U -r requirements.lock --no-deps

--index-url https://pypi.tuna.tsinghua.edu.cn/simple
--extra-index-url http://47.102.108.149:2131
--trusted-host 47.102.108.149

file-sync-pro @ http://47.102.108.149:2131/file-sync-pro/file_sync_pro-0.0.0a4-py3-none-any.whl

aiohappyeyeballs==2.6.1
aiohttp==3.12.13
aiosignal==1.3.2
airmise @ http://47.102.108.149:2131/airmise/airmise-0.3.0a22-py3-none-any.whl
argsense @ http://47.102.108.149:2131/argsense/argsense-1.0.1b0-py3-none-any.whl
attrs==25.3.0
frozenlist==1.7.0
idna==3.10
lk-logger==6.0.6
lk-utils @ http://47.102.108.149:2131/lk-utils/lk_utils-3.3.0a15-py3-none-any.whl
markdown-it-py==3.0.0
mdurl==0.1.2
multidict==6.5.1
propcache==0.3.2
psutil==7.0.0
pygments==2.19.2
pyyaml==6.0.2
rich==13.9.4
typing-extensions==4.14.0
websocket-client==1.8.0
yarl==1.20.1
