# this file was auto generated by https://github.com/likianta/likianta-domain : /src/dev_dist/poetry_export.py
# file was updated at 2025-07-31 15:28:18
# use `pip` command to install: 
#   pip install -U -r requirements.lock --no-deps

--index-url https://pypi.tuna.tsinghua.edu.cn/simple
--extra-index-url http://47.102.108.149:2131
--trusted-host 47.102.108.149

file-sync-pro @ http://47.102.108.149:2131/file-sync-pro/file_sync_pro-0.1.0a4-py3-none-any.whl

airmise @ http://47.102.108.149:2131/airmise/airmise-0.4.0-py3-none-any.whl
altair==5.5.0 ; sys_platform != "linux"
argsense @ http://47.102.108.149:2131/argsense/argsense-1.0.1-py3-none-any.whl
asttokens==3.0.0
attrs==25.3.0 ; sys_platform != "linux"
blinker==1.9.0 ; sys_platform != "linux"
cachetools==5.5.2 ; sys_platform != "linux"
certifi==2025.6.15 ; sys_platform != "linux"
cffi==1.17.1 ; sys_platform == "win32"
charset-normalizer==3.4.2 ; sys_platform != "linux"
click==8.2.1 ; sys_platform != "linux"
clr-loader==0.2.7.post0 ; python_version >= "3.12" and python_version < "3.14" and sys_platform == "win32"
colorama==0.4.6 ; platform_system == "Windows" and sys_platform != "linux" or sys_platform == "win32"
decorator==5.2.1
executing==2.2.0
fonttools==4.58.4 ; (sys_platform == "darwin" or sys_platform == "ios") and python_version >= "3.12" and python_version < "3.14"
gitdb==4.0.12 ; sys_platform != "linux"
gitpython==3.1.44 ; sys_platform != "linux"
idna==3.10 ; sys_platform != "linux"
ipython-pygments-lexers==1.1.1
ipython==9.4.0
jedi==0.19.2
jinja2==3.1.6 ; sys_platform != "linux"
jsonschema-specifications==2025.4.1 ; sys_platform != "linux"
jsonschema==4.24.0 ; sys_platform != "linux"
lk-logger==6.0.6
lk-utils @ http://47.102.108.149:2131/lk-utils/lk_utils-3.3.0a18-py3-none-any.whl
markdown-it-py==3.0.0
markupsafe==3.0.2 ; sys_platform != "linux"
matplotlib-inline==0.1.7
mdurl==0.1.2
narwhals==1.44.0 ; sys_platform != "linux"
numpy==2.3.1 ; sys_platform != "linux"
packaging==24.2 ; sys_platform != "linux"
pandas==2.3.0 ; sys_platform != "linux"
parso==0.8.4
pexpect==4.9.0 ; sys_platform != "win32" and sys_platform != "emscripten"
pillow==11.2.1 ; sys_platform != "linux"
prompt-toolkit==3.0.51
protobuf==6.31.1 ; sys_platform != "linux"
psutil==7.0.0
ptyprocess==0.7.0 ; sys_platform != "win32" and sys_platform != "emscripten"
pure-eval==0.2.3
pyapp-window @ http://47.102.108.149:2131/pyapp-window/pyapp_window-2.2.0b4-py3-none-any.whl
pyarrow==20.0.0 ; sys_platform != "linux"
pycairo==1.28.0 ; python_version >= "3.12" and python_version < "3.14" and "freebsd" in sys_platform and sys_platform != "linux"
pycparser==2.22 ; sys_platform == "win32"
pydeck==0.9.1 ; sys_platform != "linux"
pygments==2.19.2
pygobject==3.52.3 ; python_version >= "3.12" and python_version < "3.14" and "freebsd" in sys_platform and sys_platform != "linux"
python-dateutil==2.9.0.post0 ; sys_platform != "linux"
pythonnet==3.0.5 ; python_version >= "3.12" and python_version < "3.14" and sys_platform == "win32"
pytz==2025.2 ; sys_platform != "linux"
pyyaml==6.0.2
referencing==0.36.2 ; sys_platform != "linux"
requests==2.32.4 ; sys_platform != "linux"
rich==13.9.4
rpds-py==0.25.1 ; sys_platform != "linux"
rubicon-objc==0.4.9 ; (sys_platform == "darwin" or sys_platform == "ios") and python_version >= "3.12" and python_version < "3.14"
six==1.17.0 ; sys_platform != "linux"
smmap==5.0.2 ; sys_platform != "linux"
stack-data==0.6.3
streamlit-canary @ http://47.102.108.149:2131/streamlit-canary/streamlit_canary-0.1.0-py3-none-any.whl
streamlit==1.45.1 ; sys_platform != "linux"
tenacity==9.1.2 ; sys_platform != "linux"
toga-android==0.4.9 ; python_version >= "3.12" and python_version < "3.14" and sys_platform == "android"
toga-cocoa==0.4.9 ; python_version >= "3.12" and python_version < "3.14" and sys_platform == "darwin"
toga-core==0.4.9 ; "freebsd" in sys_platform and sys_platform != "linux" and python_version >= "3.12" and python_version < "3.14" or (sys_platform == "android" or sys_platform == "darwin" or sys_platform == "emscripten" or sys_platform == "ios" or sys_platform == "win32") and python_version >= "3.12" and python_version < "3.14"
toga-gtk==0.4.9 ; python_version >= "3.12" and python_version < "3.14" and "freebsd" in sys_platform and sys_platform != "linux"
toga-ios==0.4.9 ; python_version >= "3.12" and python_version < "3.14" and sys_platform == "ios"
toga-web==0.4.9 ; python_version >= "3.12" and python_version < "3.14" and sys_platform == "emscripten"
toga-winforms==0.4.9 ; python_version >= "3.12" and python_version < "3.14" and sys_platform == "win32"
toga==0.4.9 ; python_version >= "3.12" and python_version < "3.14" and sys_platform != "linux"
toml==0.10.2 ; sys_platform != "linux"
tornado==6.5.1 ; sys_platform != "linux"
traitlets==5.14.3
travertino==0.3.0 ; "freebsd" in sys_platform and sys_platform != "linux" and python_version >= "3.12" and python_version < "3.14" or (sys_platform == "android" or sys_platform == "darwin" or sys_platform == "emscripten" or sys_platform == "ios" or sys_platform == "win32") and python_version >= "3.12" and python_version < "3.14"
typing-extensions==4.14.0
tzdata==2025.2 ; sys_platform != "linux"
urllib3==2.5.0 ; sys_platform != "linux"
watchdog==6.0.0 ; sys_platform != "linux" and platform_system != "Darwin"
wcwidth==0.2.13
webui2==2.5.6 ; sys_platform != "linux" and sys_platform != "win32"
